
Microsoft Visual Studio Solution File, Format Version 12.00
# Visual Studio Version 17
VisualStudioVersion = 17.5.33424.131
MinimumVisualStudioVersion = 10.0.40219.1
Project("{FAE04EC0-301F-11D3-BF4B-00C04F79EFBC}") = "NewArosajeApi", "NewArosajeApi\NewArosajeApi.csproj", "{2D11D28F-2E33-4879-9619-C4EBA2505EFA}"
EndProject
Global
	GlobalSection(SolutionConfigurationPlatforms) = preSolution
		Debug|Any CPU = Debug|Any CPU
		Release|Any CPU = Release|Any CPU
	EndGlobalSection
	GlobalSection(ProjectConfigurationPlatforms) = postSolution
		{2D11D28F-2E33-4879-9619-C4EBA2505EFA}.Debug|Any CPU.ActiveCfg = Debug|Any CPU
		{2D11D28F-2E33-4879-9619-C4EBA2505EFA}.Debug|Any CPU.Build.0 = Debug|Any CPU
		{2D11D28F-2E33-4879-9619-C4EBA2505EFA}.Release|Any CPU.ActiveCfg = Release|Any CPU
		{2D11D28F-2E33-4879-9619-C4EBA2505EFA}.Release|Any CPU.Build.0 = Release|Any CPU
	EndGlobalSection
	GlobalSection(SolutionProperties) = preSolution
		HideSolutionNode = FALSE
	EndGlobalSection
	GlobalSection(ExtensibilityGlobals) = postSolution
		SolutionGuid = {AE0D38DE-B2E3-4C82-A8DC-CC54131F964B}
	EndGlobalSection
EndGlobal
